
Microsoft Visual Studio Solution File, Format Version 12.00
# Visual Studio Version 17
VisualStudioVersion = 17.5.2.0
MinimumVisualStudioVersion = 10.0.40219.1
Project("{2150E333-8FDC-42A3-9474-1A3956D46DE8}") = "Exercício-Lista-01", "Exercício-Lista-01", "{0AED5699-5C58-193F-B440-CBB4AF02442F}"
EndProject
Project("{2150E333-8FDC-42A3-9474-1A3956D46DE8}") = "Exercício-Lista-02", "Exercício-Lista-02", "{89FBAB5A-EDD9-63E6-A005-998AEBE31ACC}"
EndProject
Project("{2150E333-8FDC-42A3-9474-1A3956D46DE8}") = "Exercício-Lista-03", "Exercício-Lista-03", "{9AA9DBC7-61DB-1028-0681-8C417830AC18}"
EndProject
Project("{2150E333-8FDC-42A3-9474-1A3956D46DE8}") = "Exercício-Lista-04", "Exercício-Lista-04", "{D53F7F09-4E62-0D65-6799-D61BCDAA784A}"
EndProject
Project("{2150E333-8FDC-42A3-9474-1A3956D46DE8}") = "Exercício-Lista-05", "Exercício-Lista-05", "{9C36C837-9DA5-A316-786E-9B1FFDA6879A}"
EndProject
Project("{2150E333-8FDC-42A3-9474-1A3956D46DE8}") = "Exercício-Lista-06", "Exercício-Lista-06", "{35566A3A-7785-EF96-3C90-C4AD914684B4}"
EndProject
Project("{2150E333-8FDC-42A3-9474-1A3956D46DE8}") = "Exercício-Lista-07", "Exercício-Lista-07", "{58FF1556-43E4-4488-F000-504666C63404}"
EndProject
Project("{2150E333-8FDC-42A3-9474-1A3956D46DE8}") = "Exercício-Lista-08", "Exercício-Lista-08", "{F7636F1A-CC9E-D650-8269-CCFE41128BDF}"
EndProject
Project("{2150E333-8FDC-42A3-9474-1A3956D46DE8}") = "Exercício-Lista-09", "Exercício-Lista-09", "{C243C517-306D-C7EC-B821-F8155BDB29C9}"
EndProject
Project("{2150E333-8FDC-42A3-9474-1A3956D46DE8}") = "Exercício-Lista-10", "Exercício-Lista-10", "{CBD72984-A459-89AA-CF4E-CA8E6A75061A}"
EndProject
Project("{2150E333-8FDC-42A3-9474-1A3956D46DE8}") = "LoopDoWhile", "LoopDoWhile", "{D14B4624-54D3-1936-4B89-E10391942A19}"
EndProject
Project("{FAE04EC0-301F-11D3-BF4B-00C04F79EFBC}") = "Exercicio01", "Exercício-Lista-01\Exercicio01\Exercicio01.csproj", "{CF413AFE-7024-6BA4-E7B5-D79F988FBE5B}"
EndProject
Project("{FAE04EC0-301F-11D3-BF4B-00C04F79EFBC}") = "Exercicio02", "Exercício-Lista-02\Exercicio02\Exercicio02.csproj", "{9CE37A61-A9C5-FABA-97DD-516B53ECCD21}"
EndProject
Project("{FAE04EC0-301F-11D3-BF4B-00C04F79EFBC}") = "Exercicio03", "Exercício-Lista-03\Exercicio03\Exercicio03.csproj", "{48764302-BF78-BC11-0884-CF46FF0D2BD7}"
EndProject
Project("{FAE04EC0-301F-11D3-BF4B-00C04F79EFBC}") = "Exercicio04", "Exercício-Lista-04\Exercicio04\Exercicio04.csproj", "{8B6B8D63-9BEC-452C-2B82-540D234DEC6A}"
EndProject
Project("{FAE04EC0-301F-11D3-BF4B-00C04F79EFBC}") = "Exercicio05", "Exercício-Lista-05\Exercicio05\Exercicio05.csproj", "{194246DB-A738-5C48-EB2D-89F0AEE10748}"
EndProject
Project("{FAE04EC0-301F-11D3-BF4B-00C04F79EFBC}") = "Exercicio06", "Exercício-Lista-06\Exercicio06\Exercicio06.csproj", "{F3F3E85F-8709-47E5-6444-504D3CA732E7}"
EndProject
Project("{FAE04EC0-301F-11D3-BF4B-00C04F79EFBC}") = "Exercicio07", "Exercício-Lista-07\Exercicio07\Exercicio07.csproj", "{C27AD571-C6A2-2663-7E3C-E5CB9091719F}"
EndProject
Project("{FAE04EC0-301F-11D3-BF4B-00C04F79EFBC}") = "Exercicio08", "Exercício-Lista-08\Exercicio08\Exercicio08.csproj", "{AA020A13-CEB7-D624-DE29-472D60C15621}"
EndProject
Project("{FAE04EC0-301F-11D3-BF4B-00C04F79EFBC}") = "Exercicio09", "Exercício-Lista-09\Exercicio09\Exercicio09.csproj", "{E85514A1-26DE-56E7-E8F2-B4216C5A5F62}"
EndProject
Project("{FAE04EC0-301F-11D3-BF4B-00C04F79EFBC}") = "Exercicio10", "Exercício-Lista-10\Exercicio10\Exercicio10.csproj", "{2EA720E5-57E9-84DF-15DD-7727164810A4}"
EndProject
Project("{FAE04EC0-301F-11D3-BF4B-00C04F79EFBC}") = "LoopDoWhile", "LoopDoWhile\Exercício01\LoopDoWhile.csproj", "{0A865B25-61FC-0576-7F73-5775884E956B}"
EndProject
Project("{FAE04EC0-301F-11D3-BF4B-00C04F79EFBC}") = "FooDarZ", "LoopDoWhile\FooDarZ\FooDarZ.csproj", "{EFF768AB-B974-1DFA-7338-9BF86470801F}"
EndProject
Project("{FAE04EC0-301F-11D3-BF4B-00C04F79EFBC}") = "MaiorMenor", "LoopDoWhile\MaiorMenor\MaiorMenor.csproj", "{9C92626C-DD77-B315-DD2D-8BAA653187DE}"
EndProject
Project("{FAE04EC0-301F-11D3-BF4B-00C04F79EFBC}") = "MediaNumerica", "LoopDoWhile\MediaNumerica\MediaNumerica.csproj", "{C4A928FB-9D6C-6C3F-24B3-08EDB1D706B2}"
EndProject
Project("{FAE04EC0-301F-11D3-BF4B-00C04F79EFBC}") = "numerosparesintervalo", "LoopDoWhile\Numerosparesintervalo\numerosparesintervalo.csproj", "{FAF398CF-1FDE-FE08-CA10-AEDE315E4076}"
EndProject
Global
	GlobalSection(SolutionConfigurationPlatforms) = preSolution
		Debug|Any CPU = Debug|Any CPU
		Release|Any CPU = Release|Any CPU
	EndGlobalSection
	GlobalSection(ProjectConfigurationPlatforms) = postSolution
		{CF413AFE-7024-6BA4-E7B5-D79F988FBE5B}.Debug|Any CPU.ActiveCfg = Debug|Any CPU
		{CF413AFE-7024-6BA4-E7B5-D79F988FBE5B}.Debug|Any CPU.Build.0 = Debug|Any CPU
		{CF413AFE-7024-6BA4-E7B5-D79F988FBE5B}.Release|Any CPU.ActiveCfg = Release|Any CPU
		{CF413AFE-7024-6BA4-E7B5-D79F988FBE5B}.Release|Any CPU.Build.0 = Release|Any CPU
		{9CE37A61-A9C5-FABA-97DD-516B53ECCD21}.Debug|Any CPU.ActiveCfg = Debug|Any CPU
		{9CE37A61-A9C5-FABA-97DD-516B53ECCD21}.Debug|Any CPU.Build.0 = Debug|Any CPU
		{9CE37A61-A9C5-FABA-97DD-516B53ECCD21}.Release|Any CPU.ActiveCfg = Release|Any CPU
		{9CE37A61-A9C5-FABA-97DD-516B53ECCD21}.Release|Any CPU.Build.0 = Release|Any CPU
		{48764302-BF78-BC11-0884-CF46FF0D2BD7}.Debug|Any CPU.ActiveCfg = Debug|Any CPU
		{48764302-BF78-BC11-0884-CF46FF0D2BD7}.Debug|Any CPU.Build.0 = Debug|Any CPU
		{48764302-BF78-BC11-0884-CF46FF0D2BD7}.Release|Any CPU.ActiveCfg = Release|Any CPU
		{48764302-BF78-BC11-0884-CF46FF0D2BD7}.Release|Any CPU.Build.0 = Release|Any CPU
		{8B6B8D63-9BEC-452C-2B82-540D234DEC6A}.Debug|Any CPU.ActiveCfg = Debug|Any CPU
		{8B6B8D63-9BEC-452C-2B82-540D234DEC6A}.Debug|Any CPU.Build.0 = Debug|Any CPU
		{8B6B8D63-9BEC-452C-2B82-540D234DEC6A}.Release|Any CPU.ActiveCfg = Release|Any CPU
		{8B6B8D63-9BEC-452C-2B82-540D234DEC6A}.Release|Any CPU.Build.0 = Release|Any CPU
		{194246DB-A738-5C48-EB2D-89F0AEE10748}.Debug|Any CPU.ActiveCfg = Debug|Any CPU
		{194246DB-A738-5C48-EB2D-89F0AEE10748}.Debug|Any CPU.Build.0 = Debug|Any CPU
		{194246DB-A738-5C48-EB2D-89F0AEE10748}.Release|Any CPU.ActiveCfg = Release|Any CPU
		{194246DB-A738-5C48-EB2D-89F0AEE10748}.Release|Any CPU.Build.0 = Release|Any CPU
		{F3F3E85F-8709-47E5-6444-504D3CA732E7}.Debug|Any CPU.ActiveCfg = Debug|Any CPU
		{F3F3E85F-8709-47E5-6444-504D3CA732E7}.Debug|Any CPU.Build.0 = Debug|Any CPU
		{F3F3E85F-8709-47E5-6444-504D3CA732E7}.Release|Any CPU.ActiveCfg = Release|Any CPU
		{F3F3E85F-8709-47E5-6444-504D3CA732E7}.Release|Any CPU.Build.0 = Release|Any CPU
		{C27AD571-C6A2-2663-7E3C-E5CB9091719F}.Debug|Any CPU.ActiveCfg = Debug|Any CPU
		{C27AD571-C6A2-2663-7E3C-E5CB9091719F}.Debug|Any CPU.Build.0 = Debug|Any CPU
		{C27AD571-C6A2-2663-7E3C-E5CB9091719F}.Release|Any CPU.ActiveCfg = Release|Any CPU
		{C27AD571-C6A2-2663-7E3C-E5CB9091719F}.Release|Any CPU.Build.0 = Release|Any CPU
		{AA020A13-CEB7-D624-DE29-472D60C15621}.Debug|Any CPU.ActiveCfg = Debug|Any CPU
		{AA020A13-CEB7-D624-DE29-472D60C15621}.Debug|Any CPU.Build.0 = Debug|Any CPU
		{AA020A13-CEB7-D624-DE29-472D60C15621}.Release|Any CPU.ActiveCfg = Release|Any CPU
		{AA020A13-CEB7-D624-DE29-472D60C15621}.Release|Any CPU.Build.0 = Release|Any CPU
		{E85514A1-26DE-56E7-E8F2-B4216C5A5F62}.Debug|Any CPU.ActiveCfg = Debug|Any CPU
		{E85514A1-26DE-56E7-E8F2-B4216C5A5F62}.Debug|Any CPU.Build.0 = Debug|Any CPU
		{E85514A1-26DE-56E7-E8F2-B4216C5A5F62}.Release|Any CPU.ActiveCfg = Release|Any CPU
		{E85514A1-26DE-56E7-E8F2-B4216C5A5F62}.Release|Any CPU.Build.0 = Release|Any CPU
		{2EA720E5-57E9-84DF-15DD-7727164810A4}.Debug|Any CPU.ActiveCfg = Debug|Any CPU
		{2EA720E5-57E9-84DF-15DD-7727164810A4}.Debug|Any CPU.Build.0 = Debug|Any CPU
		{2EA720E5-57E9-84DF-15DD-7727164810A4}.Release|Any CPU.ActiveCfg = Release|Any CPU
		{2EA720E5-57E9-84DF-15DD-7727164810A4}.Release|Any CPU.Build.0 = Release|Any CPU
		{0A865B25-61FC-0576-7F73-5775884E956B}.Debug|Any CPU.ActiveCfg = Debug|Any CPU
		{0A865B25-61FC-0576-7F73-5775884E956B}.Debug|Any CPU.Build.0 = Debug|Any CPU
		{0A865B25-61FC-0576-7F73-5775884E956B}.Release|Any CPU.ActiveCfg = Release|Any CPU
		{0A865B25-61FC-0576-7F73-5775884E956B}.Release|Any CPU.Build.0 = Release|Any CPU
		{EFF768AB-B974-1DFA-7338-9BF86470801F}.Debug|Any CPU.ActiveCfg = Debug|Any CPU
		{EFF768AB-B974-1DFA-7338-9BF86470801F}.Debug|Any CPU.Build.0 = Debug|Any CPU
		{EFF768AB-B974-1DFA-7338-9BF86470801F}.Release|Any CPU.ActiveCfg = Release|Any CPU
		{EFF768AB-B974-1DFA-7338-9BF86470801F}.Release|Any CPU.Build.0 = Release|Any CPU
		{9C92626C-DD77-B315-DD2D-8BAA653187DE}.Debug|Any CPU.ActiveCfg = Debug|Any CPU
		{9C92626C-DD77-B315-DD2D-8BAA653187DE}.Debug|Any CPU.Build.0 = Debug|Any CPU
		{9C92626C-DD77-B315-DD2D-8BAA653187DE}.Release|Any CPU.ActiveCfg = Release|Any CPU
		{9C92626C-DD77-B315-DD2D-8BAA653187DE}.Release|Any CPU.Build.0 = Release|Any CPU
		{C4A928FB-9D6C-6C3F-24B3-08EDB1D706B2}.Debug|Any CPU.ActiveCfg = Debug|Any CPU
		{C4A928FB-9D6C-6C3F-24B3-08EDB1D706B2}.Debug|Any CPU.Build.0 = Debug|Any CPU
		{C4A928FB-9D6C-6C3F-24B3-08EDB1D706B2}.Release|Any CPU.ActiveCfg = Release|Any CPU
		{C4A928FB-9D6C-6C3F-24B3-08EDB1D706B2}.Release|Any CPU.Build.0 = Release|Any CPU
		{FAF398CF-1FDE-FE08-CA10-AEDE315E4076}.Debug|Any CPU.ActiveCfg = Debug|Any CPU
		{FAF398CF-1FDE-FE08-CA10-AEDE315E4076}.Debug|Any CPU.Build.0 = Debug|Any CPU
		{FAF398CF-1FDE-FE08-CA10-AEDE315E4076}.Release|Any CPU.ActiveCfg = Release|Any CPU
		{FAF398CF-1FDE-FE08-CA10-AEDE315E4076}.Release|Any CPU.Build.0 = Release|Any CPU
	EndGlobalSection
	GlobalSection(SolutionProperties) = preSolution
		HideSolutionNode = FALSE
	EndGlobalSection
	GlobalSection(NestedProjects) = preSolution
		{CF413AFE-7024-6BA4-E7B5-D79F988FBE5B} = {0AED5699-5C58-193F-B440-CBB4AF02442F}
		{9CE37A61-A9C5-FABA-97DD-516B53ECCD21} = {89FBAB5A-EDD9-63E6-A005-998AEBE31ACC}
		{48764302-BF78-BC11-0884-CF46FF0D2BD7} = {9AA9DBC7-61DB-1028-0681-8C417830AC18}
		{8B6B8D63-9BEC-452C-2B82-540D234DEC6A} = {D53F7F09-4E62-0D65-6799-D61BCDAA784A}
		{194246DB-A738-5C48-EB2D-89F0AEE10748} = {9C36C837-9DA5-A316-786E-9B1FFDA6879A}
		{F3F3E85F-8709-47E5-6444-504D3CA732E7} = {35566A3A-7785-EF96-3C90-C4AD914684B4}
		{C27AD571-C6A2-2663-7E3C-E5CB9091719F} = {58FF1556-43E4-4488-F000-504666C63404}
		{AA020A13-CEB7-D624-DE29-472D60C15621} = {F7636F1A-CC9E-D650-8269-CCFE41128BDF}
		{E85514A1-26DE-56E7-E8F2-B4216C5A5F62} = {C243C517-306D-C7EC-B821-F8155BDB29C9}
		{2EA720E5-57E9-84DF-15DD-7727164810A4} = {CBD72984-A459-89AA-CF4E-CA8E6A75061A}
		{0A865B25-61FC-0576-7F73-5775884E956B} = {D14B4624-54D3-1936-4B89-E10391942A19}
		{EFF768AB-B974-1DFA-7338-9BF86470801F} = {D14B4624-54D3-1936-4B89-E10391942A19}
		{9C92626C-DD77-B315-DD2D-8BAA653187DE} = {D14B4624-54D3-1936-4B89-E10391942A19}
		{C4A928FB-9D6C-6C3F-24B3-08EDB1D706B2} = {D14B4624-54D3-1936-4B89-E10391942A19}
		{FAF398CF-1FDE-FE08-CA10-AEDE315E4076} = {D14B4624-54D3-1936-4B89-E10391942A19}
	EndGlobalSection
	GlobalSection(ExtensibilityGlobals) = postSolution
		SolutionGuid = {06D0BB41-3253-40E1-B0A9-CCA608F20BCA}
	EndGlobalSection
EndGlobal
