
Microsoft Visual Studio Solution File, Format Version 12.00
# Visual Studio Version 17
VisualStudioVersion = 17.13.35806.99 d17.13
MinimumVisualStudioVersion = 10.0.40219.1
Project("{FAE04EC0-301F-11D3-BF4B-00C04F79EFBC}") = "Lab03", "Lab03\Lab03.csproj", "{8DC32F68-363B-4FAF-BC40-3787702800FB}"
EndProject
Global
	GlobalSection(SolutionConfigurationPlatforms) = preSolution
		Debug|Any CPU = Debug|Any CPU
		Release|Any CPU = Release|Any CPU
	EndGlobalSection
	GlobalSection(ProjectConfigurationPlatforms) = postSolution
		{8DC32F68-363B-4FAF-BC40-3787702800FB}.Debug|Any CPU.ActiveCfg = Debug|Any CPU
		{8DC32F68-363B-4FAF-BC40-3787702800FB}.Debug|Any CPU.Build.0 = Debug|Any CPU
		{8DC32F68-363B-4FAF-BC40-3787702800FB}.Release|Any CPU.ActiveCfg = Release|Any CPU
		{8DC32F68-363B-4FAF-BC40-3787702800FB}.Release|Any CPU.Build.0 = Release|Any CPU
	EndGlobalSection
	GlobalSection(SolutionProperties) = preSolution
		HideSolutionNode = FALSE
	EndGlobalSection
	GlobalSection(ExtensibilityGlobals) = postSolution
		SolutionGuid = {5157ED5E-578A-4AA8-BEA9-D566E5693D7F}
	EndGlobalSection
EndGlobal
